{
  "version": "5",
  "specifiers": {
    "npm:commander@14": "14.0.0",
    "npm:marked@16": "16.0.0"
  },
  "npm": {
    "commander@14.0.0": {
      "integrity": "sha512-2uM9rYjPvyq39NwLRqaiLtWHyDC1FvryJDa2ATTVims5YAS4PupsEQsDvP14FqhFr0P49CYDugi59xaxJlTXRA=="
    },
    "marked@16.0.0": {
      "integrity": "sha512-MUKMXDjsD/eptB7GPzxo4xcnLS6oo7/RHimUMHEDRhUooPwmN9BEpMl7AEOJv3bmso169wHI2wUF9VQgL7zfmA==",
      "bin": true
    }
  },
  "workspace": {
    "dependencies": [
      "npm:commander@14",
      "npm:marked@16"
    ]
  }
}
